
Microsoft Visual Studio Solution File, Format Version 12.00
# Visual Studio Version 16
VisualStudioVersion = 16.0.30011.22
MinimumVisualStudioVersion = 10.0.40219.1
Project("{FAE04EC0-301F-11D3-BF4B-00C04F79EFBC}") = "CursoCSharp", "CursoCSharp\CursoCSharp.csproj", "{6C0FA8DD-481F-4A64-B412-D8516F9CDC34}"
EndProject
Global
	GlobalSection(SolutionConfigurationPlatforms) = preSolution
		Debug|Any CPU = Debug|Any CPU
		Release|Any CPU = Release|Any CPU
	EndGlobalSection
	GlobalSection(ProjectConfigurationPlatforms) = postSolution
		{6C0FA8DD-481F-4A64-B412-D8516F9CDC34}.Debug|Any CPU.ActiveCfg = Debug|Any CPU
		{6C0FA8DD-481F-4A64-B412-D8516F9CDC34}.Debug|Any CPU.Build.0 = Debug|Any CPU
		{6C0FA8DD-481F-4A64-B412-D8516F9CDC34}.Release|Any CPU.ActiveCfg = Release|Any CPU
		{6C0FA8DD-481F-4A64-B412-D8516F9CDC34}.Release|Any CPU.Build.0 = Release|Any CPU
	EndGlobalSection
	GlobalSection(SolutionProperties) = preSolution
		HideSolutionNode = FALSE
	EndGlobalSection
	GlobalSection(ExtensibilityGlobals) = postSolution
		SolutionGuid = {AB0610FC-ADD7-4E50-8692-88CFC8916911}
	EndGlobalSection
EndGlobal
